
Microsoft Visual Studio Solution File, Format Version 12.00
# Visual Studio 15
VisualStudioVersion = 15.0.28307.329
MinimumVisualStudioVersion = 10.0.40219.1
Project("{FAE04EC0-301F-11D3-BF4B-00C04F79EFBC}") = "TestePratico2", "TestePratico2\TestePratico2.csproj", "{427E4675-32B6-49A7-94EE-A3EC41357BC2}"
EndProject
Global
	GlobalSection(SolutionConfigurationPlatforms) = preSolution
		Debug|Any CPU = Debug|Any CPU
		Release|Any CPU = Release|Any CPU
	EndGlobalSection
	GlobalSection(ProjectConfigurationPlatforms) = postSolution
		{427E4675-32B6-49A7-94EE-A3EC41357BC2}.Debug|Any CPU.ActiveCfg = Debug|Any CPU
		{427E4675-32B6-49A7-94EE-A3EC41357BC2}.Debug|Any CPU.Build.0 = Debug|Any CPU
		{427E4675-32B6-49A7-94EE-A3EC41357BC2}.Release|Any CPU.ActiveCfg = Release|Any CPU
		{427E4675-32B6-49A7-94EE-A3EC41357BC2}.Release|Any CPU.Build.0 = Release|Any CPU
	EndGlobalSection
	GlobalSection(SolutionProperties) = preSolution
		HideSolutionNode = FALSE
	EndGlobalSection
	GlobalSection(ExtensibilityGlobals) = postSolution
		SolutionGuid = {E42542DC-F203-4552-A7E8-5D8682829236}
	EndGlobalSection
EndGlobal
